// !$*UTF8*$!
{
	archiveVersion = 1;
	classes = {
	};
	objectVersion = 50;
	objects = {

/* Begin PBXBuildFile section */
		326DF45A2170F38C004E3555 /* MapKit.framework in Frameworks */ = {isa = PBXBuildFile; fileRef = 326DF4592170F38C004E3555 /* MapKit.framework */; };
		326DF45C2170F760004E3555 /* MapViewController.swift in Sources */ = {isa = PBXBuildFile; fileRef = 326DF45B2170F760004E3555 /* MapViewController.swift */; };
		328EE1A5215D4E06005D9038 /* AppDelegate.swift in Sources */ = {isa = PBXBuildFile; fileRef = 328EE1A4215D4E06005D9038 /* AppDelegate.swift */; };
		328EE1AA215D4E06005D9038 /* Main.storyboard in Resources */ = {isa = PBXBuildFile; fileRef = 328EE1A8215D4E06005D9038 /* Main.storyboard */; };
		328EE1AC215D4E08005D9038 /* Assets.xcassets in Resources */ = {isa = PBXBuildFile; fileRef = 328EE1AB215D4E08005D9038 /* Assets.xcassets */; };
		328EE1AF215D4E08005D9038 /* LaunchScreen.storyboard in Resources */ = {isa = PBXBuildFile; fileRef = 328EE1AD215D4E08005D9038 /* LaunchScreen.storyboard */; };
		328EE1BA215D4E08005D9038 /* WorldTrotterTests.swift in Sources */ = {isa = PBXBuildFile; fileRef = 328EE1B9215D4E08005D9038 /* WorldTrotterTests.swift */; };
		328EE1C5215D4E08005D9038 /* WorldTrotterUITests.swift in Sources */ = {isa = PBXBuildFile; fileRef = 328EE1C4215D4E08005D9038 /* WorldTrotterUITests.swift */; };
		328EE1D3215D603D005D9038 /* ConversionViewController.swift in Sources */ = {isa = PBXBuildFile; fileRef = 328EE1D2215D603D005D9038 /* ConversionViewController.swift */; };
/* End PBXBuildFile section */

/* Begin PBXContainerItemProxy section */
		328EE1B6215D4E08005D9038 /* PBXContainerItemProxy */ = {
			isa = PBXContainerItemProxy;
			containerPortal = 328EE199215D4E06005D9038 /* Project object */;
			proxyType = 1;
			remoteGlobalIDString = 328EE1A0215D4E06005D9038;
			remoteInfo = WorldTrotter;
		};
		328EE1C1215D4E08005D9038 /* PBXContainerItemProxy */ = {
			isa = PBXContainerItemProxy;
			containerPortal = 328EE199215D4E06005D9038 /* Project object */;
			proxyType = 1;
			remoteGlobalIDString = 328EE1A0215D4E06005D9038;
			remoteInfo = WorldTrotter;
		};
/* End PBXContainerItemProxy section */

/* Begin PBXFileReference section */
		326DF4592170F38C004E3555 /* MapKit.framework */ = {isa = PBXFileReference; lastKnownFileType = wrapper.framework; name = MapKit.framework; path = System/Library/Frameworks/MapKit.framework; sourceTree = SDKROOT; };
		326DF45B2170F760004E3555 /* MapViewController.swift */ = {isa = PBXFileReference; lastKnownFileType = sourcecode.swift; path = MapViewController.swift; sourceTree = "<group>"; };
		328EE1A1215D4E06005D9038 /* WorldTrotter.app */ = {isa = PBXFileReference; explicitFileType = wrapper.application; includeInIndex = 0; path = WorldTrotter.app; sourceTree = BUILT_PRODUCTS_DIR; };
		328EE1A4215D4E06005D9038 /* AppDelegate.swift */ = {isa = PBXFileReference; lastKnownFileType = sourcecode.swift; path = AppDelegate.swift; sourceTree = "<group>"; };
		328EE1A9215D4E06005D9038 /* Base */ = {isa = PBXFileReference; lastKnownFileType = file.storyboard; name = Base; path = Base.lproj/Main.storyboard; sourceTree = "<group>"; };
		328EE1AB215D4E08005D9038 /* Assets.xcassets */ = {isa = PBXFileReference; lastKnownFileType = folder.assetcatalog; path = Assets.xcassets; sourceTree = "<group>"; };
		328EE1AE215D4E08005D9038 /* Base */ = {isa = PBXFileReference; lastKnownFileType = file.storyboard; name = Base; path = Base.lproj/LaunchScreen.storyboard; sourceTree = "<group>"; };
		328EE1B0215D4E08005D9038 /* Info.plist */ = {isa = PBXFileReference; lastKnownFileType = text.plist.xml; path = Info.plist; sourceTree = "<group>"; };
		328EE1B5215D4E08005D9038 /* WorldTrotterTests.xctest */ = {isa = PBXFileReference; explicitFileType = wrapper.cfbundle; includeInIndex = 0; path = WorldTrotterTests.xctest; sourceTree = BUILT_PRODUCTS_DIR; };
		328EE1B9215D4E08005D9038 /* WorldTrotterTests.swift */ = {isa = PBXFileReference; lastKnownFileType = sourcecode.swift; path = WorldTrotterTests.swift; sourceTree = "<group>"; };
		328EE1BB215D4E08005D9038 /* Info.plist */ = {isa = PBXFileReference; lastKnownFileType = text.plist.xml; path = Info.plist; sourceTree = "<group>"; };
		328EE1C0215D4E08005D9038 /* WorldTrotterUITests.xctest */ = {isa = PBXFileReference; explicitFileType = wrapper.cfbundle; includeInIndex = 0; path = WorldTrotterUITests.xctest; sourceTree = BUILT_PRODUCTS_DIR; };
		328EE1C4215D4E08005D9038 /* WorldTrotterUITests.swift */ = {isa = PBXFileReference; lastKnownFileType = sourcecode.swift; path = WorldTrotterUITests.swift; sourceTree = "<group>"; };
		328EE1C6215D4E08005D9038 /* Info.plist */ = {isa = PBXFileReference; lastKnownFileType = text.plist.xml; path = Info.plist; sourceTree = "<group>"; };
		328EE1D2215D603D005D9038 /* ConversionViewController.swift */ = {isa = PBXFileReference; lastKnownFileType = sourcecode.swift; path = ConversionViewController.swift; sourceTree = "<group>"; xcLanguageSpecificationIdentifier = xcode.lang.swift; };
/* End PBXFileReference section */

/* Begin PBXFrameworksBuildPhase section */
		328EE19E215D4E06005D9038 /* Frameworks */ = {
			isa = PBXFrameworksBuildPhase;
			buildActionMask = 2147483647;
			files = (
				326DF45A2170F38C004E3555 /* MapKit.framework in Frameworks */,
			);
			runOnlyForDeploymentPostprocessing = 0;
		};
		328EE1B2215D4E08005D9038 /* Frameworks */ = {
			isa = PBXFrameworksBuildPhase;
			buildActionMask = 2147483647;
			files = (
			);
			runOnlyForDeploymentPostprocessing = 0;
		};
		328EE1BD215D4E08005D9038 /* Frameworks */ = {
			isa = PBXFrameworksBuildPhase;
			buildActionMask = 2147483647;
			files = (
			);
			runOnlyForDeploymentPostprocessing = 0;
		};
/* End PBXFrameworksBuildPhase section */

/* Begin PBXGroup section */
		326DF4582170F38B004E3555 /* Frameworks */ = {
			isa = PBXGroup;
			children = (
				326DF4592170F38C004E3555 /* MapKit.framework */,
			);
			name = Frameworks;
			sourceTree = "<group>";
		};
		328EE198215D4E06005D9038 = {
			isa = PBXGroup;
			children = (
				328EE1A3215D4E06005D9038 /* WorldTrotter */,
				328EE1B8215D4E08005D9038 /* WorldTrotterTests */,
				328EE1C3215D4E08005D9038 /* WorldTrotterUITests */,
				328EE1A2215D4E06005D9038 /* Products */,
				326DF4582170F38B004E3555 /* Frameworks */,
			);
			sourceTree = "<group>";
		};
		328EE1A2215D4E06005D9038 /* Products */ = {
			isa = PBXGroup;
			children = (
				328EE1A1215D4E06005D9038 /* WorldTrotter.app */,
				328EE1B5215D4E08005D9038 /* WorldTrotterTests.xctest */,
				328EE1C0215D4E08005D9038 /* WorldTrotterUITests.xctest */,
			);
			name = Products;
			sourceTree = "<group>";
		};
		328EE1A3215D4E06005D9038 /* WorldTrotter */ = {
			isa = PBXGroup;
			children = (
				328EE1A4215D4E06005D9038 /* AppDelegate.swift */,
				328EE1A8215D4E06005D9038 /* Main.storyboard */,
				326DF45B2170F760004E3555 /* MapViewController.swift */,
				328EE1D2215D603D005D9038 /* ConversionViewController.swift */,
				328EE1AB215D4E08005D9038 /* Assets.xcassets */,
				328EE1AD215D4E08005D9038 /* LaunchScreen.storyboard */,
				328EE1B0215D4E08005D9038 /* Info.plist */,
			);
			path = WorldTrotter;
			sourceTree = "<group>";
		};
		328EE1B8215D4E08005D9038 /* WorldTrotterTests */ = {
			isa = PBXGroup;
			children = (
				328EE1B9215D4E08005D9038 /* WorldTrotterTests.swift */,
				328EE1BB215D4E08005D9038 /* Info.plist */,
			);
			path = WorldTrotterTests;
			sourceTree = "<group>";
		};
		328EE1C3215D4E08005D9038 /* WorldTrotterUITests */ = {
			isa = PBXGroup;
			children = (
				328EE1C4215D4E08005D9038 /* WorldTrotterUITests.swift */,
				328EE1C6215D4E08005D9038 /* Info.plist */,
			);
			path = WorldTrotterUITests;
			sourceTree = "<group>";
		};
/* End PBXGroup section */

/* Begin PBXNativeTarget section */
		328EE1A0215D4E06005D9038 /* WorldTrotter */ = {
			isa = PBXNativeTarget;
			buildConfigurationList = 328EE1C9215D4E08005D9038 /* Build configuration list for PBXNativeTarget "WorldTrotter" */;
			buildPhases = (
				328EE19D215D4E06005D9038 /* Sources */,
				328EE19E215D4E06005D9038 /* Frameworks */,
				328EE19F215D4E06005D9038 /* Resources */,
			);
			buildRules = (
			);
			dependencies = (
			);
			name = WorldTrotter;
			productName = WorldTrotter;
			productReference = 328EE1A1215D4E06005D9038 /* WorldTrotter.app */;
			productType = "com.apple.product-type.application";
		};
		328EE1B4215D4E08005D9038 /* WorldTrotterTests */ = {
			isa = PBXNativeTarget;
			buildConfigurationList = 328EE1CC215D4E08005D9038 /* Build configuration list for PBXNativeTarget "WorldTrotterTests" */;
			buildPhases = (
				328EE1B1215D4E08005D9038 /* Sources */,
				328EE1B2215D4E08005D9038 /* Frameworks */,
				328EE1B3215D4E08005D9038 /* Resources */,
			);
			buildRules = (
			);
			dependencies = (
				328EE1B7215D4E08005D9038 /* PBXTargetDependency */,
			);
			name = WorldTrotterTests;
			productName = WorldTrotterTests;
			productReference = 328EE1B5215D4E08005D9038 /* WorldTrotterTests.xctest */;
			productType = "com.apple.product-type.bundle.unit-test";
		};
		328EE1BF215D4E08005D9038 /* WorldTrotterUITests */ = {
			isa = PBXNativeTarget;
			buildConfigurationList = 328EE1CF215D4E08005D9038 /* Build configuration list for PBXNativeTarget "WorldTrotterUITests" */;
			buildPhases = (
				328EE1BC215D4E08005D9038 /* Sources */,
				328EE1BD215D4E08005D9038 /* Frameworks */,
				328EE1BE215D4E08005D9038 /* Resources */,
			);
			buildRules = (
			);
			dependencies = (
				328EE1C2215D4E08005D9038 /* PBXTargetDependency */,
			);
			name = WorldTrotterUITests;
			productName = WorldTrotterUITests;
			productReference = 328EE1C0215D4E08005D9038 /* WorldTrotterUITests.xctest */;
			productType = "com.apple.product-type.bundle.ui-testing";
		};
/* End PBXNativeTarget section */

/* Begin PBXProject section */
		328EE199215D4E06005D9038 /* Project object */ = {
			isa = PBXProject;
			attributes = {
				LastSwiftUpdateCheck = 1000;
				LastUpgradeCheck = 1000;
				ORGANIZATIONNAME = TJ;
				TargetAttributes = {
					328EE1A0215D4E06005D9038 = {
						CreatedOnToolsVersion = 10.0;
					};
					328EE1B4215D4E08005D9038 = {
						CreatedOnToolsVersion = 10.0;
						TestTargetID = 328EE1A0215D4E06005D9038;
					};
					328EE1BF215D4E08005D9038 = {
						CreatedOnToolsVersion = 10.0;
						TestTargetID = 328EE1A0215D4E06005D9038;
					};
				};
			};
			buildConfigurationList = 328EE19C215D4E06005D9038 /* Build configuration list for PBXProject "WorldTrotter" */;
			compatibilityVersion = "Xcode 9.3";
			developmentRegion = en;
			hasScannedForEncodings = 0;
			knownRegions = (
				en,
				Base,
			);
			mainGroup = 328EE198215D4E06005D9038;
			productRefGroup = 328EE1A2215D4E06005D9038 /* Products */;
			projectDirPath = "";
			projectRoot = "";
			targets = (
				328EE1A0215D4E06005D9038 /* WorldTrotter */,
				328EE1B4215D4E08005D9038 /* WorldTrotterTests */,
				328EE1BF215D4E08005D9038 /* WorldTrotterUITests */,
			);
		};
/* End PBXProject section */

/* Begin PBXResourcesBuildPhase section */
		328EE19F215D4E06005D9038 /* Resources */ = {
			isa = PBXResourcesBuildPhase;
			buildActionMask = 2147483647;
			files = (
				328EE1AF215D4E08005D9038 /* LaunchScreen.storyboard in Resources */,
				328EE1AC215D4E08005D9038 /* Assets.xcassets in Resources */,
				328EE1AA215D4E06005D9038 /* Main.storyboard in Resources */,
			);
			runOnlyForDeploymentPostprocessing = 0;
		};
		328EE1B3215D4E08005D9038 /* Resources */ = {
			isa = PBXResourcesBuildPhase;
			buildActionMask = 2147483647;
			files = (
			);
			runOnlyForDeploymentPostprocessing = 0;
		};
		328EE1BE215D4E08005D9038 /* Resources */ = {
			isa = PBXResourcesBuildPhase;
			buildActionMask = 2147483647;
			files = (
			);
			runOnlyForDeploymentPostprocessing = 0;
		};
/* End PBXResourcesBuildPhase section */

/* Begin PBXSourcesBuildPhase section */
		328EE19D215D4E06005D9038 /* Sources */ = {
			isa = PBXSourcesBuildPhase;
			buildActionMask = 2147483647;
			files = (
				328EE1D3215D603D005D9038 /* ConversionViewController.swift in Sources */,
				326DF45C2170F760004E3555 /* MapViewController.swift in Sources */,
				328EE1A5215D4E06005D9038 /* AppDelegate.swift in Sources */,
			);
			runOnlyForDeploymentPostprocessing = 0;
		};
		328EE1B1215D4E08005D9038 /* Sources */ = {
			isa = PBXSourcesBuildPhase;
			buildActionMask = 2147483647;
			files = (
				328EE1BA215D4E08005D9038 /* WorldTrotterTests.swift in Sources */,
			);
			runOnlyForDeploymentPostprocessing = 0;
		};
		328EE1BC215D4E08005D9038 /* Sources */ = {
			isa = PBXSourcesBuildPhase;
			buildActionMask = 2147483647;
			files = (
				328EE1C5215D4E08005D9038 /* WorldTrotterUITests.swift in Sources */,
			);
			runOnlyForDeploymentPostprocessing = 0;
		};
/* End PBXSourcesBuildPhase section */

/* Begin PBXTargetDependency section */
		328EE1B7215D4E08005D9038 /* PBXTargetDependency */ = {
			isa = PBXTargetDependency;
			target = 328EE1A0215D4E06005D9038 /* WorldTrotter */;
			targetProxy = 328EE1B6215D4E08005D9038 /* PBXContainerItemProxy */;
		};
		328EE1C2215D4E08005D9038 /* PBXTargetDependency */ = {
			isa = PBXTargetDependency;
			target = 328EE1A0215D4E06005D9038 /* WorldTrotter */;
			targetProxy = 328EE1C1215D4E08005D9038 /* PBXContainerItemProxy */;
		};
/* End PBXTargetDependency section */

/* Begin PBXVariantGroup section */
		328EE1A8215D4E06005D9038 /* Main.storyboard */ = {
			isa = PBXVariantGroup;
			children = (
				328EE1A9215D4E06005D9038 /* Base */,
			);
			name = Main.storyboard;
			sourceTree = "<group>";
		};
		328EE1AD215D4E08005D9038 /* LaunchScreen.storyboard */ = {
			isa = PBXVariantGroup;
			children = (
				328EE1AE215D4E08005D9038 /* Base */,
			);
			name = LaunchScreen.storyboard;
			sourceTree = "<group>";
		};
/* End PBXVariantGroup section */

/* Begin XCBuildConfiguration section */
		328EE1C7215D4E08005D9038 /* Debug */ = {
			isa = XCBuildConfiguration;
			buildSettings = {
				ALWAYS_SEARCH_USER_PATHS = NO;
				CLANG_ANALYZER_NONNULL = YES;
				CLANG_ANALYZER_NUMBER_OBJECT_CONVERSION = YES_AGGRESSIVE;
				CLANG_CXX_LANGUAGE_STANDARD = "gnu++14";
				CLANG_CXX_LIBRARY = "libc++";
				CLANG_ENABLE_MODULES = YES;
				CLANG_ENABLE_OBJC_ARC = YES;
				CLANG_ENABLE_OBJC_WEAK = YES;
				CLANG_WARN_BLOCK_CAPTURE_AUTORELEASING = YES;
				CLANG_WARN_BOOL_CONVERSION = YES;
				CLANG_WARN_COMMA = YES;
				CLANG_WARN_CONSTANT_CONVERSION = YES;
				CLANG_WARN_DEPRECATED_OBJC_IMPLEMENTATIONS = YES;
				CLANG_WARN_DIRECT_OBJC_ISA_USAGE = YES_ERROR;
				CLANG_WARN_DOCUMENTATION_COMMENTS = YES;
				CLANG_WARN_EMPTY_BODY = YES;
				CLANG_WARN_ENUM_CONVERSION = YES;
				CLANG_WARN_INFINITE_RECURSION = YES;
				CLANG_WARN_INT_CONVERSION = YES;
				CLANG_WARN_NON_LITERAL_NULL_CONVERSION = YES;
				CLANG_WARN_OBJC_IMPLICIT_RETAIN_SELF = YES;
				CLANG_WARN_OBJC_LITERAL_CONVERSION = YES;
				CLANG_WARN_OBJC_ROOT_CLASS = YES_ERROR;
				CLANG_WARN_RANGE_LOOP_ANALYSIS = YES;
				CLANG_WARN_STRICT_PROTOTYPES = YES;
				CLANG_WARN_SUSPICIOUS_MOVE = YES;
				CLANG_WARN_UNGUARDED_AVAILABILITY = YES_AGGRESSIVE;
				CLANG_WARN_UNREACHABLE_CODE = YES;
				CLANG_WARN__DUPLICATE_METHOD_MATCH = YES;
				CODE_SIGN_IDENTITY = "iPhone Developer";
				COPY_PHASE_STRIP = NO;
				DEBUG_INFORMATION_FORMAT = dwarf;
				ENABLE_STRICT_OBJC_MSGSEND = YES;
				ENABLE_TESTABILITY = YES;
				GCC_C_LANGUAGE_STANDARD = gnu11;
				GCC_DYNAMIC_NO_PIC = NO;
				GCC_NO_COMMON_BLOCKS = YES;
				GCC_OPTIMIZATION_LEVEL = 0;
				GCC_PREPROCESSOR_DEFINITIONS = (
					"DEBUG=1",
					"$(inherited)",
				);
				GCC_WARN_64_TO_32_BIT_CONVERSION = YES;
				GCC_WARN_ABOUT_RETURN_TYPE = YES_ERROR;
				GCC_WARN_UNDECLARED_SELECTOR = YES;
				GCC_WARN_UNINITIALIZED_AUTOS = YES_AGGRESSIVE;
				GCC_WARN_UNUSED_FUNCTION = YES;
				GCC_WARN_UNUSED_VARIABLE = YES;
				IPHONEOS_DEPLOYMENT_TARGET = 12.0;
				MTL_ENABLE_DEBUG_INFO = INCLUDE_SOURCE;
				MTL_FAST_MATH = YES;
				ONLY_ACTIVE_ARCH = YES;
				SDKROOT = iphoneos;
				SWIFT_ACTIVE_COMPILATION_CONDITIONS = DEBUG;
				SWIFT_OPTIMIZATION_LEVEL = "-Onone";
			};
			name = Debug;
		};
		328EE1C8215D4E08005D9038 /* Release */ = {
			isa = XCBuildConfiguration;
			buildSettings = {
				ALWAYS_SEARCH_USER_PATHS = NO;
				CLANG_ANALYZER_NONNULL = YES;
				CLANG_ANALYZER_NUMBER_OBJECT_CONVERSION = YES_AGGRESSIVE;
				CLANG_CXX_LANGUAGE_STANDARD = "gnu++14";
				CLANG_CXX_LIBRARY = "libc++";
				CLANG_ENABLE_MODULES = YES;
				CLANG_ENABLE_OBJC_ARC = YES;
				CLANG_ENABLE_OBJC_WEAK = YES;
				CLANG_WARN_BLOCK_CAPTURE_AUTORELEASING = YES;
				CLANG_WARN_BOOL_CONVERSION = YES;
				CLANG_WARN_COMMA = YES;
				CLANG_WARN_CONSTANT_CONVERSION = YES;
				CLANG_WARN_DEPRECATED_OBJC_IMPLEMENTATIONS = YES;
				CLANG_WARN_DIRECT_OBJC_ISA_USAGE = YES_ERROR;
				CLANG_WARN_DOCUMENTATION_COMMENTS = YES;
				CLANG_WARN_EMPTY_BODY = YES;
				CLANG_WARN_ENUM_CONVERSION = YES;
				CLANG_WARN_INFINITE_RECURSION = YES;
				CLANG_WARN_INT_CONVERSION = YES;
				CLANG_WARN_NON_LITERAL_NULL_CONVERSION = YES;
				CLANG_WARN_OBJC_IMPLICIT_RETAIN_SELF = YES;
				CLANG_WARN_OBJC_LITERAL_CONVERSION = YES;
				CLANG_WARN_OBJC_ROOT_CLASS = YES_ERROR;
				CLANG_WARN_RANGE_LOOP_ANALYSIS = YES;
				CLANG_WARN_STRICT_PROTOTYPES = YES;
				CLANG_WARN_SUSPICIOUS_MOVE = YES;
				CLANG_WARN_UNGUARDED_AVAILABILITY = YES_AGGRESSIVE;
				CLANG_WARN_UNREACHABLE_CODE = YES;
				CLANG_WARN__DUPLICATE_METHOD_MATCH = YES;
				CODE_SIGN_IDENTITY = "iPhone Developer";
				COPY_PHASE_STRIP = NO;
				DEBUG_INFORMATION_FORMAT = "dwarf-with-dsym";
				ENABLE_NS_ASSERTIONS = NO;
				ENABLE_STRICT_OBJC_MSGSEND = YES;
				GCC_C_LANGUAGE_STANDARD = gnu11;
				GCC_NO_COMMON_BLOCKS = YES;
				GCC_WARN_64_TO_32_BIT_CONVERSION = YES;
				GCC_WARN_ABOUT_RETURN_TYPE = YES_ERROR;
				GCC_WARN_UNDECLARED_SELECTOR = YES;
				GCC_WARN_UNINITIALIZED_AUTOS = YES_AGGRESSIVE;
				GCC_WARN_UNUSED_FUNCTION = YES;
				GCC_WARN_UNUSED_VARIABLE = YES;
				IPHONEOS_DEPLOYMENT_TARGET = 12.0;
				MTL_ENABLE_DEBUG_INFO = NO;
				MTL_FAST_MATH = YES;
				SDKROOT = iphoneos;
				SWIFT_COMPILATION_MODE = wholemodule;
				SWIFT_OPTIMIZATION_LEVEL = "-O";
				VALIDATE_PRODUCT = YES;
			};
			name = Release;
		};
		328EE1CA215D4E08005D9038 /* Debug */ = {
			isa = XCBuildConfiguration;
			buildSettings = {
				ASSETCATALOG_COMPILER_APPICON_NAME = AppIcon;
				CODE_SIGN_STYLE = Automatic;
				DEVELOPMENT_TEAM = 73W26BLYS6;
				INFOPLIST_FILE = WorldTrotter/Info.plist;
				LD_RUNPATH_SEARCH_PATHS = (
					"$(inherited)",
					"@executable_path/Frameworks",
				);
				PRODUCT_BUNDLE_IDENTIFIER = com.iosquincyjones.WorldTrotter;
				PRODUCT_NAME = "$(TARGET_NAME)";
				SWIFT_VERSION = 4.2;
				TARGETED_DEVICE_FAMILY = "1,2";
			};
			name = Debug;
		};
		328EE1CB215D4E08005D9038 /* Release */ = {
			isa = XCBuildConfiguration;
			buildSettings = {
				ASSETCATALOG_COMPILER_APPICON_NAME = AppIcon;
				CODE_SIGN_STYLE = Automatic;
				DEVELOPMENT_TEAM = 73W26BLYS6;
				INFOPLIST_FILE = WorldTrotter/Info.plist;
				LD_RUNPATH_SEARCH_PATHS = (
					"$(inherited)",
					"@executable_path/Frameworks",
				);
				PRODUCT_BUNDLE_IDENTIFIER = com.iosquincyjones.WorldTrotter;
				PRODUCT_NAME = "$(TARGET_NAME)";
				SWIFT_VERSION = 4.2;
				TARGETED_DEVICE_FAMILY = "1,2";
			};
			name = Release;
		};
		328EE1CD215D4E08005D9038 /* Debug */ = {
			isa = XCBuildConfiguration;
			buildSettings = {
				ALWAYS_EMBED_SWIFT_STANDARD_LIBRARIES = YES;
				BUNDLE_LOADER = "$(TEST_HOST)";
				CODE_SIGN_STYLE = Automatic;
				INFOPLIST_FILE = WorldTrotterTests/Info.plist;
				LD_RUNPATH_SEARCH_PATHS = (
					"$(inherited)",
					"@executable_path/Frameworks",
					"@loader_path/Frameworks",
				);
				PRODUCT_BUNDLE_IDENTIFIER = com.iosquincyjones.WorldTrotterTests;
				PRODUCT_NAME = "$(TARGET_NAME)";
				SWIFT_VERSION = 4.2;
				TARGETED_DEVICE_FAMILY = "1,2";
				TEST_HOST = "$(BUILT_PRODUCTS_DIR)/WorldTrotter.app/WorldTrotter";
			};
			name = Debug;
		};
		328EE1CE215D4E08005D9038 /* Release */ = {
			isa = XCBuildConfiguration;
			buildSettings = {
				ALWAYS_EMBED_SWIFT_STANDARD_LIBRARIES = YES;
				BUNDLE_LOADER = "$(TEST_HOST)";
				CODE_SIGN_STYLE = Automatic;
				INFOPLIST_FILE = WorldTrotterTests/Info.plist;
				LD_RUNPATH_SEARCH_PATHS = (
					"$(inherited)",
					"@executable_path/Frameworks",
					"@loader_path/Frameworks",
				);
				PRODUCT_BUNDLE_IDENTIFIER = com.iosquincyjones.WorldTrotterTests;
				PRODUCT_NAME = "$(TARGET_NAME)";
				SWIFT_VERSION = 4.2;
				TARGETED_DEVICE_FAMILY = "1,2";
				TEST_HOST = "$(BUILT_PRODUCTS_DIR)/WorldTrotter.app/WorldTrotter";
			};
			name = Release;
		};
		328EE1D0215D4E08005D9038 /* Debug */ = {
			isa = XCBuildConfiguration;
			buildSettings = {
				ALWAYS_EMBED_SWIFT_STANDARD_LIBRARIES = YES;
				CODE_SIGN_STYLE = Automatic;
				INFOPLIST_FILE = WorldTrotterUITests/Info.plist;
				LD_RUNPATH_SEARCH_PATHS = (
					"$(inherited)",
					"@executable_path/Frameworks",
					"@loader_path/Frameworks",
				);
				PRODUCT_BUNDLE_IDENTIFIER = com.iosquincyjones.WorldTrotterUITests;
				PRODUCT_NAME = "$(TARGET_NAME)";
				SWIFT_VERSION = 4.2;
				TARGETED_DEVICE_FAMILY = "1,2";
				TEST_TARGET_NAME = WorldTrotter;
			};
			name = Debug;
		};
		328EE1D1215D4E08005D9038 /* Release */ = {
			isa = XCBuildConfiguration;
			buildSettings = {
				ALWAYS_EMBED_SWIFT_STANDARD_LIBRARIES = YES;
				CODE_SIGN_STYLE = Automatic;
				INFOPLIST_FILE = WorldTrotterUITests/Info.plist;
				LD_RUNPATH_SEARCH_PATHS = (
					"$(inherited)",
					"@executable_path/Frameworks",
					"@loader_path/Frameworks",
				);
				PRODUCT_BUNDLE_IDENTIFIER = com.iosquincyjones.WorldTrotterUITests;
				PRODUCT_NAME = "$(TARGET_NAME)";
				SWIFT_VERSION = 4.2;
				TARGETED_DEVICE_FAMILY = "1,2";
				TEST_TARGET_NAME = WorldTrotter;
			};
			name = Release;
		};
/* End XCBuildConfiguration section */

/* Begin XCConfigurationList section */
		328EE19C215D4E06005D9038 /* Build configuration list for PBXProject "WorldTrotter" */ = {
			isa = XCConfigurationList;
			buildConfigurations = (
				328EE1C7215D4E08005D9038 /* Debug */,
				328EE1C8215D4E08005D9038 /* Release */,
			);
			defaultConfigurationIsVisible = 0;
			defaultConfigurationName = Release;
		};
		328EE1C9215D4E08005D9038 /* Build configuration list for PBXNativeTarget "WorldTrotter" */ = {
			isa = XCConfigurationList;
			buildConfigurations = (
				328EE1CA215D4E08005D9038 /* Debug */,
				328EE1CB215D4E08005D9038 /* Release */,
			);
			defaultConfigurationIsVisible = 0;
			defaultConfigurationName = Release;
		};
		328EE1CC215D4E08005D9038 /* Build configuration list for PBXNativeTarget "WorldTrotterTests" */ = {
			isa = XCConfigurationList;
			buildConfigurations = (
				328EE1CD215D4E08005D9038 /* Debug */,
				328EE1CE215D4E08005D9038 /* Release */,
			);
			defaultConfigurationIsVisible = 0;
			defaultConfigurationName = Release;
		};
		328EE1CF215D4E08005D9038 /* Build configuration list for PBXNativeTarget "WorldTrotterUITests" */ = {
			isa = XCConfigurationList;
			buildConfigurations = (
				328EE1D0215D4E08005D9038 /* Debug */,
				328EE1D1215D4E08005D9038 /* Release */,
			);
			defaultConfigurationIsVisible = 0;
			defaultConfigurationName = Release;
		};
/* End XCConfigurationList section */
	};
	rootObject = 328EE199215D4E06005D9038 /* Project object */;
}
